
Microsoft Visual Studio Solution File, Format Version 12.00
# Visual Studio 15
VisualStudioVersion = 15.0.26124.0
MinimumVisualStudioVersion = 15.0.26124.0
Project("{FAE04EC0-301F-11D3-BF4B-00C04F79EFBC}") = "API", "API\API.csproj", "{0EC77C36-2B33-4A7F-BF34-98AA5315817D}"
EndProject
Project("{FAE04EC0-301F-11D3-BF4B-00C04F79EFBC}") = "Domain", "Domain\Domain.csproj", "{6E3378F0-7983-4646-896B-8E5918D73981}"
EndProject
Project("{FAE04EC0-301F-11D3-BF4B-00C04F79EFBC}") = "Application", "Application\Application.csproj", "{7AAAD680-DDD9-4DAD-B5B3-DD932B16C966}"
EndProject
Project("{FAE04EC0-301F-11D3-BF4B-00C04F79EFBC}") = "Persistence", "Persistence\Persistence.csproj", "{EB67E52D-333C-41E7-AB4F-961B7594078F}"
EndProject
Global
	GlobalSection(SolutionConfigurationPlatforms) = preSolution
		Debug|Any CPU = Debug|Any CPU
		Debug|x64 = Debug|x64
		Debug|x86 = Debug|x86
		Release|Any CPU = Release|Any CPU
		Release|x64 = Release|x64
		Release|x86 = Release|x86
	EndGlobalSection
	GlobalSection(SolutionProperties) = preSolution
		HideSolutionNode = FALSE
	EndGlobalSection
	GlobalSection(ProjectConfigurationPlatforms) = postSolution
		{0EC77C36-2B33-4A7F-BF34-98AA5315817D}.Debug|Any CPU.ActiveCfg = Debug|Any CPU
		{0EC77C36-2B33-4A7F-BF34-98AA5315817D}.Debug|Any CPU.Build.0 = Debug|Any CPU
		{0EC77C36-2B33-4A7F-BF34-98AA5315817D}.Debug|x64.ActiveCfg = Debug|Any CPU
		{0EC77C36-2B33-4A7F-BF34-98AA5315817D}.Debug|x64.Build.0 = Debug|Any CPU
		{0EC77C36-2B33-4A7F-BF34-98AA5315817D}.Debug|x86.ActiveCfg = Debug|Any CPU
		{0EC77C36-2B33-4A7F-BF34-98AA5315817D}.Debug|x86.Build.0 = Debug|Any CPU
		{0EC77C36-2B33-4A7F-BF34-98AA5315817D}.Release|Any CPU.ActiveCfg = Release|Any CPU
		{0EC77C36-2B33-4A7F-BF34-98AA5315817D}.Release|Any CPU.Build.0 = Release|Any CPU
		{0EC77C36-2B33-4A7F-BF34-98AA5315817D}.Release|x64.ActiveCfg = Release|Any CPU
		{0EC77C36-2B33-4A7F-BF34-98AA5315817D}.Release|x64.Build.0 = Release|Any CPU
		{0EC77C36-2B33-4A7F-BF34-98AA5315817D}.Release|x86.ActiveCfg = Release|Any CPU
		{0EC77C36-2B33-4A7F-BF34-98AA5315817D}.Release|x86.Build.0 = Release|Any CPU
		{6E3378F0-7983-4646-896B-8E5918D73981}.Debug|Any CPU.ActiveCfg = Debug|Any CPU
		{6E3378F0-7983-4646-896B-8E5918D73981}.Debug|Any CPU.Build.0 = Debug|Any CPU
		{6E3378F0-7983-4646-896B-8E5918D73981}.Debug|x64.ActiveCfg = Debug|Any CPU
		{6E3378F0-7983-4646-896B-8E5918D73981}.Debug|x64.Build.0 = Debug|Any CPU
		{6E3378F0-7983-4646-896B-8E5918D73981}.Debug|x86.ActiveCfg = Debug|Any CPU
		{6E3378F0-7983-4646-896B-8E5918D73981}.Debug|x86.Build.0 = Debug|Any CPU
		{6E3378F0-7983-4646-896B-8E5918D73981}.Release|Any CPU.ActiveCfg = Release|Any CPU
		{6E3378F0-7983-4646-896B-8E5918D73981}.Release|Any CPU.Build.0 = Release|Any CPU
		{6E3378F0-7983-4646-896B-8E5918D73981}.Release|x64.ActiveCfg = Release|Any CPU
		{6E3378F0-7983-4646-896B-8E5918D73981}.Release|x64.Build.0 = Release|Any CPU
		{6E3378F0-7983-4646-896B-8E5918D73981}.Release|x86.ActiveCfg = Release|Any CPU
		{6E3378F0-7983-4646-896B-8E5918D73981}.Release|x86.Build.0 = Release|Any CPU
		{7AAAD680-DDD9-4DAD-B5B3-DD932B16C966}.Debug|Any CPU.ActiveCfg = Debug|Any CPU
		{7AAAD680-DDD9-4DAD-B5B3-DD932B16C966}.Debug|Any CPU.Build.0 = Debug|Any CPU
		{7AAAD680-DDD9-4DAD-B5B3-DD932B16C966}.Debug|x64.ActiveCfg = Debug|Any CPU
		{7AAAD680-DDD9-4DAD-B5B3-DD932B16C966}.Debug|x64.Build.0 = Debug|Any CPU
		{7AAAD680-DDD9-4DAD-B5B3-DD932B16C966}.Debug|x86.ActiveCfg = Debug|Any CPU
		{7AAAD680-DDD9-4DAD-B5B3-DD932B16C966}.Debug|x86.Build.0 = Debug|Any CPU
		{7AAAD680-DDD9-4DAD-B5B3-DD932B16C966}.Release|Any CPU.ActiveCfg = Release|Any CPU
		{7AAAD680-DDD9-4DAD-B5B3-DD932B16C966}.Release|Any CPU.Build.0 = Release|Any CPU
		{7AAAD680-DDD9-4DAD-B5B3-DD932B16C966}.Release|x64.ActiveCfg = Release|Any CPU
		{7AAAD680-DDD9-4DAD-B5B3-DD932B16C966}.Release|x64.Build.0 = Release|Any CPU
		{7AAAD680-DDD9-4DAD-B5B3-DD932B16C966}.Release|x86.ActiveCfg = Release|Any CPU
		{7AAAD680-DDD9-4DAD-B5B3-DD932B16C966}.Release|x86.Build.0 = Release|Any CPU
		{EB67E52D-333C-41E7-AB4F-961B7594078F}.Debug|Any CPU.ActiveCfg = Debug|Any CPU
		{EB67E52D-333C-41E7-AB4F-961B7594078F}.Debug|Any CPU.Build.0 = Debug|Any CPU
		{EB67E52D-333C-41E7-AB4F-961B7594078F}.Debug|x64.ActiveCfg = Debug|Any CPU
		{EB67E52D-333C-41E7-AB4F-961B7594078F}.Debug|x64.Build.0 = Debug|Any CPU
		{EB67E52D-333C-41E7-AB4F-961B7594078F}.Debug|x86.ActiveCfg = Debug|Any CPU
		{EB67E52D-333C-41E7-AB4F-961B7594078F}.Debug|x86.Build.0 = Debug|Any CPU
		{EB67E52D-333C-41E7-AB4F-961B7594078F}.Release|Any CPU.ActiveCfg = Release|Any CPU
		{EB67E52D-333C-41E7-AB4F-961B7594078F}.Release|Any CPU.Build.0 = Release|Any CPU
		{EB67E52D-333C-41E7-AB4F-961B7594078F}.Release|x64.ActiveCfg = Release|Any CPU
		{EB67E52D-333C-41E7-AB4F-961B7594078F}.Release|x64.Build.0 = Release|Any CPU
		{EB67E52D-333C-41E7-AB4F-961B7594078F}.Release|x86.ActiveCfg = Release|Any CPU
		{EB67E52D-333C-41E7-AB4F-961B7594078F}.Release|x86.Build.0 = Release|Any CPU
	EndGlobalSection
EndGlobal
